
Microsoft Visual Studio Solution File, Format Version 12.00
# Visual Studio Version 16
VisualStudioVersion = 16.0.31402.337
MinimumVisualStudioVersion = 10.0.40219.1
Project("{8BC9CEB8-8B4A-11D0-8D11-00A0C91BC942}") = "BioinformatykaHeurystyczny", "BioinformatykaHeurystyczny\BioinformatykaHeurystyczny.vcxproj", "{E41D792C-B0A1-4D54-97E4-724131C28A61}"
EndProject
Global
	GlobalSection(SolutionConfigurationPlatforms) = preSolution
		Debug|x64 = Debug|x64
		Debug|x86 = Debug|x86
		Release|x64 = Release|x64
		Release|x86 = Release|x86
	EndGlobalSection
	GlobalSection(ProjectConfigurationPlatforms) = postSolution
		{E41D792C-B0A1-4D54-97E4-724131C28A61}.Debug|x64.ActiveCfg = Debug|x64
		{E41D792C-B0A1-4D54-97E4-724131C28A61}.Debug|x64.Build.0 = Debug|x64
		{E41D792C-B0A1-4D54-97E4-724131C28A61}.Debug|x86.ActiveCfg = Debug|Win32
		{E41D792C-B0A1-4D54-97E4-724131C28A61}.Debug|x86.Build.0 = Debug|Win32
		{E41D792C-B0A1-4D54-97E4-724131C28A61}.Release|x64.ActiveCfg = Release|x64
		{E41D792C-B0A1-4D54-97E4-724131C28A61}.Release|x64.Build.0 = Release|x64
		{E41D792C-B0A1-4D54-97E4-724131C28A61}.Release|x86.ActiveCfg = Release|Win32
		{E41D792C-B0A1-4D54-97E4-724131C28A61}.Release|x86.Build.0 = Release|Win32
	EndGlobalSection
	GlobalSection(SolutionProperties) = preSolution
		HideSolutionNode = FALSE
	EndGlobalSection
	GlobalSection(ExtensibilityGlobals) = postSolution
		SolutionGuid = {024445B5-E2D5-4F83-A104-1A704B009FF3}
	EndGlobalSection
EndGlobal
